schema: '2.0'
stages:
  preprocess:
    cmd: python -m src.pipeline.preprocess
    deps:
    - path: data/raw/events.csv
      hash: md5
      md5: fddaf7c1c6a9df23a726500a08ffdd7e
      size: 94237913
    - path: src/data/loader.py
      hash: md5
      md5: d6b636a850a9a03ebb2c9201049e81cb
      size: 543
    - path: src/data/preprocess.py
      hash: md5
      md5: e29f1045104a7ff2d2e3b4412dae97b5
      size: 1048
    - path: src/pipeline/preprocess.py
      hash: md5
      md5: 0438812fdf36d08b4cc2703991ebd8f2
      size: 1143
    params:
      configs/params.yaml:
        preprocess:
          positive_events:
          - view
          - addtocart
          - transaction
          min_user_interactions: 5
          min_item_interactions: 5
    outs:
    - path: data/processed/interactions.parquet
      hash: md5
      md5: 7f7ed0b938fd7bf7b06728ec86105fec
      size: 9477190
  featurize:
    cmd: python -m src.pipeline.featurize
    deps:
    - path: data/processed/interactions.parquet
      hash: md5
      md5: 7f7ed0b938fd7bf7b06728ec86105fec
      size: 9477190
    - path: src/features/encoding.py
      hash: md5
      md5: 185938323f42d57f0b6a41971b4b614a
      size: 568
    - path: src/features/split.py
      hash: md5
      md5: 1dce38fd58486fadb3c697dc0d130056
      size: 743
    - path: src/pipeline/featurize.py
      hash: md5
      md5: ca35382860a3ca0ea29744b509f99bc4
      size: 1467
    outs:
    - path: data/processed/metadata.json
      hash: md5
      md5: c3f2a419c81a0aa5917c8a82993c8103
      size: 45
    - path: data/processed/test.parquet
      hash: md5
      md5: 49956f960e3fa19023e2278f0524d7e8
      size: 1360675
    - path: data/processed/train.parquet
      hash: md5
      md5: dee1aee57cdef6b3d11026254d1a5336
      size: 6962639
    - path: data/processed/val.parquet
      hash: md5
      md5: a1be51775695ee5c8914a1565c418f4e
      size: 1356985
  train:
    cmd: python -m src.pipeline.train
    deps:
    - path: data/processed/metadata.json
      hash: md5
      md5: c3f2a419c81a0aa5917c8a82993c8103
      size: 45
    - path: data/processed/train.parquet
      hash: md5
      md5: dee1aee57cdef6b3d11026254d1a5336
      size: 6962639
    - path: data/processed/val.parquet
      hash: md5
      md5: a1be51775695ee5c8914a1565c418f4e
      size: 1356985
    - path: src/models/factory.py
      hash: md5
      md5: ed2a289d4c76c10e693adfb74c24b252
      size: 721
    - path: src/models/neural.py
      hash: md5
      md5: 2b9345131196caba7bf90680968649c8
      size: 6694
    - path: src/pipeline/train.py
      hash: md5
      md5: 795ae76ea2b9c869d5e2689d73a26d12
      size: 2215
    params:
      configs/params.yaml:
        train:
          embedding_dim: 32
          learning_rate: 0.001
          epochs: 20
          patience: 3
          negative_ratio: 1
    outs:
    - path: models/model.pt
      hash: md5
      md5: 3b55b03be5a4733d3f5f4b6850039fc8
      size: 18138621
    - path: models/run_id.txt
      hash: md5
      md5: 524dc748fe9aba07fb7b0a2681b8cdbc
      size: 32
  evaluate:
    cmd: python -m src.pipeline.evaluate
    deps:
    - path: data/processed/metadata.json
      hash: md5
      md5: c3f2a419c81a0aa5917c8a82993c8103
      size: 45
    - path: data/processed/test.parquet
      hash: md5
      md5: 49956f960e3fa19023e2278f0524d7e8
      size: 1360675
    - path: data/processed/train.parquet
      hash: md5
      md5: dee1aee57cdef6b3d11026254d1a5336
      size: 6962639
    - path: models/model.pt
      hash: md5
      md5: 3b55b03be5a4733d3f5f4b6850039fc8
      size: 18138621
    - path: src/evaluation/evaluator.py
      hash: md5
      md5: b432ebddcc259b694e62a974ba8ea2a3
      size: 1377
    - path: src/evaluation/protocol.py
      hash: md5
      md5: 5a5f49cf11b6cf22e889a771a4d50d1c
      size: 1224
    - path: src/models/baselines.py
      hash: md5
      md5: 310891169fbbf4e4aa2d8a797a09b58f
      size: 736
    - path: src/models/neural.py
      hash: md5
      md5: 2b9345131196caba7bf90680968649c8
      size: 6694
    - path: src/pipeline/evaluate.py
      hash: md5
      md5: 2bfd94ad1cd0ac6e0d06e2080e039469
      size: 2744
    params:
      configs/params.yaml:
        evaluate:
          k: 10
          num_eval_negatives: 99
    outs:
    - path: metrics/metrics.json
      hash: md5
      md5: de6c6101d7c6778ae2bdcc29a19b67bf
      size: 385
